// !$*UTF8*$!
{
	archiveVersion = 1;
	classes = {
	};
	objectVersion = 56;
	objects = {

/* Begin PBXBuildFile section */
		152A5EDD2A290B77002EBC42 /* OtusLesson1App.swift in Sources */ = {isa = PBXBuildFile; fileRef = 152A5EDC2A290B77002EBC42 /* OtusLesson1App.swift */; };
		152A5EDF2A290B77002EBC42 /* ContentView.swift in Sources */ = {isa = PBXBuildFile; fileRef = 152A5EDE2A290B77002EBC42 /* ContentView.swift */; };
		152A5EE12A290B78002EBC42 /* Assets.xcassets in Resources */ = {isa = PBXBuildFile; fileRef = 152A5EE02A290B78002EBC42 /* Assets.xcassets */; };
		152A5EE42A290B78002EBC42 /* Preview Assets.xcassets in Resources */ = {isa = PBXBuildFile; fileRef = 152A5EE32A290B78002EBC42 /* Preview Assets.xcassets */; };
		152A5EED2A290FDB002EBC42 /* FirstScreen.swift in Sources */ = {isa = PBXBuildFile; fileRef = 152A5EEC2A290FDB002EBC42 /* FirstScreen.swift */; };
		152A5EEF2A290FE7002EBC42 /* SecondScreen.swift in Sources */ = {isa = PBXBuildFile; fileRef = 152A5EEE2A290FE7002EBC42 /* SecondScreen.swift */; };
		152A5EF12A290FF1002EBC42 /* ThirdScreen.swift in Sources */ = {isa = PBXBuildFile; fileRef = 152A5EF02A290FF1002EBC42 /* ThirdScreen.swift */; };
		152A5EF32A29115C002EBC42 /* MotivationView.swift in Sources */ = {isa = PBXBuildFile; fileRef = 152A5EF22A29115C002EBC42 /* MotivationView.swift */; };
		15326EA82A29169700111A25 /* Dict.swift in Sources */ = {isa = PBXBuildFile; fileRef = 15326EA72A29169700111A25 /* Dict.swift */; };
		15326EAA2A29169F00111A25 /* Quote.swift in Sources */ = {isa = PBXBuildFile; fileRef = 15326EA92A29169F00111A25 /* Quote.swift */; };
/* End PBXBuildFile section */

/* Begin PBXFileReference section */
		152A5ED92A290B77002EBC42 /* OtusLesson1.app */ = {isa = PBXFileReference; explicitFileType = wrapper.application; includeInIndex = 0; path = OtusLesson1.app; sourceTree = BUILT_PRODUCTS_DIR; };
		152A5EDC2A290B77002EBC42 /* OtusLesson1App.swift */ = {isa = PBXFileReference; lastKnownFileType = sourcecode.swift; path = OtusLesson1App.swift; sourceTree = "<group>"; };
		152A5EDE2A290B77002EBC42 /* ContentView.swift */ = {isa = PBXFileReference; lastKnownFileType = sourcecode.swift; path = ContentView.swift; sourceTree = "<group>"; };
		152A5EE02A290B78002EBC42 /* Assets.xcassets */ = {isa = PBXFileReference; lastKnownFileType = folder.assetcatalog; path = Assets.xcassets; sourceTree = "<group>"; };
		152A5EE32A290B78002EBC42 /* Preview Assets.xcassets */ = {isa = PBXFileReference; lastKnownFileType = folder.assetcatalog; path = "Preview Assets.xcassets"; sourceTree = "<group>"; };
		152A5EEC2A290FDB002EBC42 /* FirstScreen.swift */ = {isa = PBXFileReference; lastKnownFileType = sourcecode.swift; path = FirstScreen.swift; sourceTree = "<group>"; };
		152A5EEE2A290FE7002EBC42 /* SecondScreen.swift */ = {isa = PBXFileReference; lastKnownFileType = sourcecode.swift; path = SecondScreen.swift; sourceTree = "<group>"; };
		152A5EF02A290FF1002EBC42 /* ThirdScreen.swift */ = {isa = PBXFileReference; lastKnownFileType = sourcecode.swift; path = ThirdScreen.swift; sourceTree = "<group>"; };
		152A5EF22A29115C002EBC42 /* MotivationView.swift */ = {isa = PBXFileReference; lastKnownFileType = sourcecode.swift; path = MotivationView.swift; sourceTree = "<group>"; };
		15326EA72A29169700111A25 /* Dict.swift */ = {isa = PBXFileReference; lastKnownFileType = sourcecode.swift; path = Dict.swift; sourceTree = "<group>"; };
		15326EA92A29169F00111A25 /* Quote.swift */ = {isa = PBXFileReference; lastKnownFileType = sourcecode.swift; path = Quote.swift; sourceTree = "<group>"; };
/* End PBXFileReference section */

/* Begin PBXFrameworksBuildPhase section */
		152A5ED62A290B76002EBC42 /* Frameworks */ = {
			isa = PBXFrameworksBuildPhase;
			buildActionMask = 2147483647;
			files = (
			);
			runOnlyForDeploymentPostprocessing = 0;
		};
/* End PBXFrameworksBuildPhase section */

/* Begin PBXGroup section */
		152A5ED02A290B76002EBC42 = {
			isa = PBXGroup;
			children = (
				152A5EDB2A290B77002EBC42 /* OtusLesson1 */,
				152A5EDA2A290B77002EBC42 /* Products */,
			);
			sourceTree = "<group>";
		};
		152A5EDA2A290B77002EBC42 /* Products */ = {
			isa = PBXGroup;
			children = (
				152A5ED92A290B77002EBC42 /* OtusLesson1.app */,
			);
			name = Products;
			sourceTree = "<group>";
		};
		152A5EDB2A290B77002EBC42 /* OtusLesson1 */ = {
			isa = PBXGroup;
			children = (
				152A5EDC2A290B77002EBC42 /* OtusLesson1App.swift */,
				152A5EDE2A290B77002EBC42 /* ContentView.swift */,
				152A5EEA2A290FB2002EBC42 /* View */,
				152A5EEB2A290FBA002EBC42 /* Model */,
				152A5EE02A290B78002EBC42 /* Assets.xcassets */,
				152A5EE22A290B78002EBC42 /* Preview Content */,
			);
			path = OtusLesson1;
			sourceTree = "<group>";
		};
		152A5EE22A290B78002EBC42 /* Preview Content */ = {
			isa = PBXGroup;
			children = (
				152A5EE32A290B78002EBC42 /* Preview Assets.xcassets */,
			);
			path = "Preview Content";
			sourceTree = "<group>";
		};
		152A5EEA2A290FB2002EBC42 /* View */ = {
			isa = PBXGroup;
			children = (
				152A5EEC2A290FDB002EBC42 /* FirstScreen.swift */,
				152A5EEE2A290FE7002EBC42 /* SecondScreen.swift */,
				152A5EF02A290FF1002EBC42 /* ThirdScreen.swift */,
				152A5EF22A29115C002EBC42 /* MotivationView.swift */,
			);
			path = View;
			sourceTree = "<group>";
		};
		152A5EEB2A290FBA002EBC42 /* Model */ = {
			isa = PBXGroup;
			children = (
				15326EA72A29169700111A25 /* Dict.swift */,
				15326EA92A29169F00111A25 /* Quote.swift */,
			);
			path = Model;
			sourceTree = "<group>";
		};
/* End PBXGroup section */

/* Begin PBXNativeTarget section */
		152A5ED82A290B76002EBC42 /* OtusLesson1 */ = {
			isa = PBXNativeTarget;
			buildConfigurationList = 152A5EE72A290B78002EBC42 /* Build configuration list for PBXNativeTarget "OtusLesson1" */;
			buildPhases = (
				152A5ED52A290B76002EBC42 /* Sources */,
				152A5ED62A290B76002EBC42 /* Frameworks */,
				152A5ED72A290B76002EBC42 /* Resources */,
			);
			buildRules = (
			);
			dependencies = (
			);
			name = OtusLesson1;
			productName = OtusLesson1;
			productReference = 152A5ED92A290B77002EBC42 /* OtusLesson1.app */;
			productType = "com.apple.product-type.application";
		};
/* End PBXNativeTarget section */

/* Begin PBXProject section */
		152A5ED12A290B76002EBC42 /* Project object */ = {
			isa = PBXProject;
			attributes = {
				BuildIndependentTargetsInParallel = 1;
				LastSwiftUpdateCheck = 1430;
				LastUpgradeCheck = 1430;
				TargetAttributes = {
					152A5ED82A290B76002EBC42 = {
						CreatedOnToolsVersion = 14.3;
					};
				};
			};
			buildConfigurationList = 152A5ED42A290B76002EBC42 /* Build configuration list for PBXProject "OtusLesson1" */;
			compatibilityVersion = "Xcode 14.0";
			developmentRegion = en;
			hasScannedForEncodings = 0;
			knownRegions = (
				en,
				Base,
			);
			mainGroup = 152A5ED02A290B76002EBC42;
			productRefGroup = 152A5EDA2A290B77002EBC42 /* Products */;
			projectDirPath = "";
			projectRoot = "";
			targets = (
				152A5ED82A290B76002EBC42 /* OtusLesson1 */,
			);
		};
/* End PBXProject section */

/* Begin PBXResourcesBuildPhase section */
		152A5ED72A290B76002EBC42 /* Resources */ = {
			isa = PBXResourcesBuildPhase;
			buildActionMask = 2147483647;
			files = (
				152A5EE42A290B78002EBC42 /* Preview Assets.xcassets in Resources */,
				152A5EE12A290B78002EBC42 /* Assets.xcassets in Resources */,
			);
			runOnlyForDeploymentPostprocessing = 0;
		};
/* End PBXResourcesBuildPhase section */

/* Begin PBXSourcesBuildPhase section */
		152A5ED52A290B76002EBC42 /* Sources */ = {
			isa = PBXSourcesBuildPhase;
			buildActionMask = 2147483647;
			files = (
				152A5EF32A29115C002EBC42 /* MotivationView.swift in Sources */,
				152A5EDF2A290B77002EBC42 /* ContentView.swift in Sources */,
				152A5EEF2A290FE7002EBC42 /* SecondScreen.swift in Sources */,
				152A5EF12A290FF1002EBC42 /* ThirdScreen.swift in Sources */,
				15326EAA2A29169F00111A25 /* Quote.swift in Sources */,
				152A5EDD2A290B77002EBC42 /* OtusLesson1App.swift in Sources */,
				15326EA82A29169700111A25 /* Dict.swift in Sources */,
				152A5EED2A290FDB002EBC42 /* FirstScreen.swift in Sources */,
			);
			runOnlyForDeploymentPostprocessing = 0;
		};
/* End PBXSourcesBuildPhase section */

/* Begin XCBuildConfiguration section */
		152A5EE52A290B78002EBC42 /* Debug */ = {
			isa = XCBuildConfiguration;
			buildSettings = {
				ALWAYS_SEARCH_USER_PATHS = NO;
				CLANG_ANALYZER_NONNULL = YES;
				CLANG_ANALYZER_NUMBER_OBJECT_CONVERSION = YES_AGGRESSIVE;
				CLANG_CXX_LANGUAGE_STANDARD = "gnu++20";
				CLANG_ENABLE_MODULES = YES;
				CLANG_ENABLE_OBJC_ARC = YES;
				CLANG_ENABLE_OBJC_WEAK = YES;
				CLANG_WARN_BLOCK_CAPTURE_AUTORELEASING = YES;
				CLANG_WARN_BOOL_CONVERSION = YES;
				CLANG_WARN_COMMA = YES;
				CLANG_WARN_CONSTANT_CONVERSION = YES;
				CLANG_WARN_DEPRECATED_OBJC_IMPLEMENTATIONS = YES;
				CLANG_WARN_DIRECT_OBJC_ISA_USAGE = YES_ERROR;
				CLANG_WARN_DOCUMENTATION_COMMENTS = YES;
				CLANG_WARN_EMPTY_BODY = YES;
				CLANG_WARN_ENUM_CONVERSION = YES;
				CLANG_WARN_INFINITE_RECURSION = YES;
				CLANG_WARN_INT_CONVERSION = YES;
				CLANG_WARN_NON_LITERAL_NULL_CONVERSION = YES;
				CLANG_WARN_OBJC_IMPLICIT_RETAIN_SELF = YES;
				CLANG_WARN_OBJC_LITERAL_CONVERSION = YES;
				CLANG_WARN_OBJC_ROOT_CLASS = YES_ERROR;
				CLANG_WARN_QUOTED_INCLUDE_IN_FRAMEWORK_HEADER = YES;
				CLANG_WARN_RANGE_LOOP_ANALYSIS = YES;
				CLANG_WARN_STRICT_PROTOTYPES = YES;
				CLANG_WARN_SUSPICIOUS_MOVE = YES;
				CLANG_WARN_UNGUARDED_AVAILABILITY = YES_AGGRESSIVE;
				CLANG_WARN_UNREACHABLE_CODE = YES;
				CLANG_WARN__DUPLICATE_METHOD_MATCH = YES;
				COPY_PHASE_STRIP = NO;
				DEBUG_INFORMATION_FORMAT = dwarf;
				ENABLE_STRICT_OBJC_MSGSEND = YES;
				ENABLE_TESTABILITY = YES;
				GCC_C_LANGUAGE_STANDARD = gnu11;
				GCC_DYNAMIC_NO_PIC = NO;
				GCC_NO_COMMON_BLOCKS = YES;
				GCC_OPTIMIZATION_LEVEL = 0;
				GCC_PREPROCESSOR_DEFINITIONS = (
					"DEBUG=1",
					"$(inherited)",
				);
				GCC_WARN_64_TO_32_BIT_CONVERSION = YES;
				GCC_WARN_ABOUT_RETURN_TYPE = YES_ERROR;
				GCC_WARN_UNDECLARED_SELECTOR = YES;
				GCC_WARN_UNINITIALIZED_AUTOS = YES_AGGRESSIVE;
				GCC_WARN_UNUSED_FUNCTION = YES;
				GCC_WARN_UNUSED_VARIABLE = YES;
				IPHONEOS_DEPLOYMENT_TARGET = 16.4;
				MTL_ENABLE_DEBUG_INFO = INCLUDE_SOURCE;
				MTL_FAST_MATH = YES;
				ONLY_ACTIVE_ARCH = YES;
				SDKROOT = iphoneos;
				SWIFT_ACTIVE_COMPILATION_CONDITIONS = DEBUG;
				SWIFT_OPTIMIZATION_LEVEL = "-Onone";
			};
			name = Debug;
		};
		152A5EE62A290B78002EBC42 /* Release */ = {
			isa = XCBuildConfiguration;
			buildSettings = {
				ALWAYS_SEARCH_USER_PATHS = NO;
				CLANG_ANALYZER_NONNULL = YES;
				CLANG_ANALYZER_NUMBER_OBJECT_CONVERSION = YES_AGGRESSIVE;
				CLANG_CXX_LANGUAGE_STANDARD = "gnu++20";
				CLANG_ENABLE_MODULES = YES;
				CLANG_ENABLE_OBJC_ARC = YES;
				CLANG_ENABLE_OBJC_WEAK = YES;
				CLANG_WARN_BLOCK_CAPTURE_AUTORELEASING = YES;
				CLANG_WARN_BOOL_CONVERSION = YES;
				CLANG_WARN_COMMA = YES;
				CLANG_WARN_CONSTANT_CONVERSION = YES;
				CLANG_WARN_DEPRECATED_OBJC_IMPLEMENTATIONS = YES;
				CLANG_WARN_DIRECT_OBJC_ISA_USAGE = YES_ERROR;
				CLANG_WARN_DOCUMENTATION_COMMENTS = YES;
				CLANG_WARN_EMPTY_BODY = YES;
				CLANG_WARN_ENUM_CONVERSION = YES;
				CLANG_WARN_INFINITE_RECURSION = YES;
				CLANG_WARN_INT_CONVERSION = YES;
				CLANG_WARN_NON_LITERAL_NULL_CONVERSION = YES;
				CLANG_WARN_OBJC_IMPLICIT_RETAIN_SELF = YES;
				CLANG_WARN_OBJC_LITERAL_CONVERSION = YES;
				CLANG_WARN_OBJC_ROOT_CLASS = YES_ERROR;
				CLANG_WARN_QUOTED_INCLUDE_IN_FRAMEWORK_HEADER = YES;
				CLANG_WARN_RANGE_LOOP_ANALYSIS = YES;
				CLANG_WARN_STRICT_PROTOTYPES = YES;
				CLANG_WARN_SUSPICIOUS_MOVE = YES;
				CLANG_WARN_UNGUARDED_AVAILABILITY = YES_AGGRESSIVE;
				CLANG_WARN_UNREACHABLE_CODE = YES;
				CLANG_WARN__DUPLICATE_METHOD_MATCH = YES;
				COPY_PHASE_STRIP = NO;
				DEBUG_INFORMATION_FORMAT = "dwarf-with-dsym";
				ENABLE_NS_ASSERTIONS = NO;
				ENABLE_STRICT_OBJC_MSGSEND = YES;
				GCC_C_LANGUAGE_STANDARD = gnu11;
				GCC_NO_COMMON_BLOCKS = YES;
				GCC_WARN_64_TO_32_BIT_CONVERSION = YES;
				GCC_WARN_ABOUT_RETURN_TYPE = YES_ERROR;
				GCC_WARN_UNDECLARED_SELECTOR = YES;
				GCC_WARN_UNINITIALIZED_AUTOS = YES_AGGRESSIVE;
				GCC_WARN_UNUSED_FUNCTION = YES;
				GCC_WARN_UNUSED_VARIABLE = YES;
				IPHONEOS_DEPLOYMENT_TARGET = 16.4;
				MTL_ENABLE_DEBUG_INFO = NO;
				MTL_FAST_MATH = YES;
				SDKROOT = iphoneos;
				SWIFT_COMPILATION_MODE = wholemodule;
				SWIFT_OPTIMIZATION_LEVEL = "-O";
				VALIDATE_PRODUCT = YES;
			};
			name = Release;
		};
		152A5EE82A290B78002EBC42 /* Debug */ = {
			isa = XCBuildConfiguration;
			buildSettings = {
				ASSETCATALOG_COMPILER_APPICON_NAME = AppIcon;
				ASSETCATALOG_COMPILER_GLOBAL_ACCENT_COLOR_NAME = AccentColor;
				CODE_SIGN_STYLE = Automatic;
				CURRENT_PROJECT_VERSION = 1;
				DEVELOPMENT_ASSET_PATHS = "\"OtusLesson1/Preview Content\"";
				DEVELOPMENT_TEAM = U2FNWP55H5;
				ENABLE_PREVIEWS = YES;
				GENERATE_INFOPLIST_FILE = YES;
				INFOPLIST_KEY_UIApplicationSceneManifest_Generation = YES;
				INFOPLIST_KEY_UIApplicationSupportsIndirectInputEvents = YES;
				INFOPLIST_KEY_UILaunchScreen_Generation = YES;
				INFOPLIST_KEY_UISupportedInterfaceOrientations_iPad = "UIInterfaceOrientationPortrait UIInterfaceOrientationPortraitUpsideDown UIInterfaceOrientationLandscapeLeft UIInterfaceOrientationLandscapeRight";
				INFOPLIST_KEY_UISupportedInterfaceOrientations_iPhone = "UIInterfaceOrientationPortrait UIInterfaceOrientationLandscapeLeft UIInterfaceOrientationLandscapeRight";
				LD_RUNPATH_SEARCH_PATHS = (
					"$(inherited)",
					"@executable_path/Frameworks",
				);
				MARKETING_VERSION = 1.0;
				PRODUCT_BUNDLE_IDENTIFIER = com.mityunindmitry.OtusLesson1;
				PRODUCT_NAME = "$(TARGET_NAME)";
				SWIFT_EMIT_LOC_STRINGS = YES;
				SWIFT_VERSION = 5.0;
				TARGETED_DEVICE_FAMILY = "1,2";
			};
			name = Debug;
		};
		152A5EE92A290B78002EBC42 /* Release */ = {
			isa = XCBuildConfiguration;
			buildSettings = {
				ASSETCATALOG_COMPILER_APPICON_NAME = AppIcon;
				ASSETCATALOG_COMPILER_GLOBAL_ACCENT_COLOR_NAME = AccentColor;
				CODE_SIGN_STYLE = Automatic;
				CURRENT_PROJECT_VERSION = 1;
				DEVELOPMENT_ASSET_PATHS = "\"OtusLesson1/Preview Content\"";
				DEVELOPMENT_TEAM = U2FNWP55H5;
				ENABLE_PREVIEWS = YES;
				GENERATE_INFOPLIST_FILE = YES;
				INFOPLIST_KEY_UIApplicationSceneManifest_Generation = YES;
				INFOPLIST_KEY_UIApplicationSupportsIndirectInputEvents = YES;
				INFOPLIST_KEY_UILaunchScreen_Generation = YES;
				INFOPLIST_KEY_UISupportedInterfaceOrientations_iPad = "UIInterfaceOrientationPortrait UIInterfaceOrientationPortraitUpsideDown UIInterfaceOrientationLandscapeLeft UIInterfaceOrientationLandscapeRight";
				INFOPLIST_KEY_UISupportedInterfaceOrientations_iPhone = "UIInterfaceOrientationPortrait UIInterfaceOrientationLandscapeLeft UIInterfaceOrientationLandscapeRight";
				LD_RUNPATH_SEARCH_PATHS = (
					"$(inherited)",
					"@executable_path/Frameworks",
				);
				MARKETING_VERSION = 1.0;
				PRODUCT_BUNDLE_IDENTIFIER = com.mityunindmitry.OtusLesson1;
				PRODUCT_NAME = "$(TARGET_NAME)";
				SWIFT_EMIT_LOC_STRINGS = YES;
				SWIFT_VERSION = 5.0;
				TARGETED_DEVICE_FAMILY = "1,2";
			};
			name = Release;
		};
/* End XCBuildConfiguration section */

/* Begin XCConfigurationList section */
		152A5ED42A290B76002EBC42 /* Build configuration list for PBXProject "OtusLesson1" */ = {
			isa = XCConfigurationList;
			buildConfigurations = (
				152A5EE52A290B78002EBC42 /* Debug */,
				152A5EE62A290B78002EBC42 /* Release */,
			);
			defaultConfigurationIsVisible = 0;
			defaultConfigurationName = Release;
		};
		152A5EE72A290B78002EBC42 /* Build configuration list for PBXNativeTarget "OtusLesson1" */ = {
			isa = XCConfigurationList;
			buildConfigurations = (
				152A5EE82A290B78002EBC42 /* Debug */,
				152A5EE92A290B78002EBC42 /* Release */,
			);
			defaultConfigurationIsVisible = 0;
			defaultConfigurationName = Release;
		};
/* End XCConfigurationList section */
	};
	rootObject = 152A5ED12A290B76002EBC42 /* Project object */;
}
